github.com/FortAwesome/Font-Awesome v0.0.0-20240108205627-a1232e345536/go.mod h1:IUgezN/MFpCDIlFezw3L8j83oeiIuYoj28Miwr/KUYo=
github.com/FortAwesome/Font-Awesome v0.0.0-20240402185447-c0f460dca7f7 h1:2aWEKCRLqQ9nPyXaz4/IYtRrDr3PzEiX0DUSUr2/EDs=
github.com/FortAwesome/Font-Awesome v0.0.0-20240402185447-c0f460dca7f7/go.mod h1:IUgezN/MFpCDIlFezw3L8j83oeiIuYoj28Miwr/KUYo=
github.com/FortAwesome/Font-Awesome v4.7.0+incompatible h1:3trjm7NtX5NXlju1AxSWSzedDMq2hsfH78Qtqrc8EgY=
github.com/FortAwesome/Font-Awesome v4.7.0+incompatible/go.mod h1:IUgezN/MFpCDIlFezw3L8j83oeiIuYoj28Miwr/KUYo=
github.com/google/docsy v0.9.1 h1:+jqges1YCd+yHeuZ1BUvD8V8mEGVtPxULg5j/vaJ984=
github.com/google/docsy v0.9.1/go.mod h1:saOqKEUOn07Bc0orM/JdIF3VkOanHta9LU5Y53bwN2U=
github.com/google/docsy v0.9.2-0.20240426161215-e9eca0fcb3b5 h1:EDs9FRTZ75agHdnMeO3HjfqJV10jKpdsM6XEARy/FsM=
github.com/google/docsy v0.9.2-0.20240426161215-e9eca0fcb3b5/go.mod h1:c0nIAqmRTOuJ01F85U/wJPQtc3Zj9N58Kea9bOT2AJc=
github.com/twbs/bootstrap v5.2.3+incompatible/go.mod h1:fZTSrkpSf0/HkL0IIJzvVspTt1r9zuf7XlZau8kpcY0=
github.com/twbs/bootstrap v5.3.3+incompatible h1:goFoqinzdHfkeegpFP7pvhbd0g+A3O2hbU3XCjuNrEQ=
github.com/twbs/bootstrap v5.3.3+incompatible/go.mod h1:fZTSrkpSf0/HkL0IIJzvVspTt1r9zuf7XlZau8kpcY0=
